
Microsoft Visual Studio Solution File, Format Version 12.00
# Visual Studio Version 17
VisualStudioVersion = 17.1.32328.378
MinimumVisualStudioVersion = 10.0.40219.1
Project("{9A19103F-16F7-4668-BE54-9A1E7A4F7556}") = "SocialNetwork", "SocialNetwork\SocialNetwork.csproj", "{22D80357-524D-4996-A7D2-A7C4A642DB4C}"
EndProject
Project("{FAE04EC0-301F-11D3-BF4B-00C04F79EFBC}") = "Server", "Server\Server.csproj", "{B8B24BE9-5C2D-4068-89F3-9747DAC8D22C}"
EndProject
Global
	GlobalSection(SolutionConfigurationPlatforms) = preSolution
		Debug|Any CPU = Debug|Any CPU
		Release|Any CPU = Release|Any CPU
	EndGlobalSection
	GlobalSection(ProjectConfigurationPlatforms) = postSolution
		{22D80357-524D-4996-A7D2-A7C4A642DB4C}.Debug|Any CPU.ActiveCfg = Debug|Any CPU
		{22D80357-524D-4996-A7D2-A7C4A642DB4C}.Debug|Any CPU.Build.0 = Debug|Any CPU
		{22D80357-524D-4996-A7D2-A7C4A642DB4C}.Release|Any CPU.ActiveCfg = Release|Any CPU
		{22D80357-524D-4996-A7D2-A7C4A642DB4C}.Release|Any CPU.Build.0 = Release|Any CPU
		{B8B24BE9-5C2D-4068-89F3-9747DAC8D22C}.Debug|Any CPU.ActiveCfg = Debug|Any CPU
		{B8B24BE9-5C2D-4068-89F3-9747DAC8D22C}.Debug|Any CPU.Build.0 = Debug|Any CPU
		{B8B24BE9-5C2D-4068-89F3-9747DAC8D22C}.Release|Any CPU.ActiveCfg = Release|Any CPU
		{B8B24BE9-5C2D-4068-89F3-9747DAC8D22C}.Release|Any CPU.Build.0 = Release|Any CPU
	EndGlobalSection
	GlobalSection(SolutionProperties) = preSolution
		HideSolutionNode = FALSE
	EndGlobalSection
	GlobalSection(ExtensibilityGlobals) = postSolution
		SolutionGuid = {B97636C3-A684-4E89-9168-7C903F99A8D0}
	EndGlobalSection
EndGlobal
